
Microsoft Visual Studio Solution File, Format Version 12.00
# Visual Studio Version 17
VisualStudioVersion = 17.3.32825.248
MinimumVisualStudioVersion = 10.0.40219.1
Project("{8BC9CEB8-8B4A-11D0-8D11-00A0C91BC942}") = "Task1", "Task1\Task1.vcxproj", "{119AC149-A169-42E1-88E4-988CD1ADB17E}"
EndProject
Project("{8BC9CEB8-8B4A-11D0-8D11-00A0C91BC942}") = "Task2", "Task2\Task2.vcxproj", "{A2683E34-536E-4CA0-8A10-3BE9F0FE20BF}"
EndProject
Project("{8BC9CEB8-8B4A-11D0-8D11-00A0C91BC942}") = "Task3", "Task3\Task3.vcxproj", "{7C4867EE-8959-44D5-9225-93F3867619BE}"
EndProject
Project("{8BC9CEB8-8B4A-11D0-8D11-00A0C91BC942}") = "Task4", "Task4\Task4.vcxproj", "{2DF8ABE1-540A-4978-811C-427B4FD926D6}"
EndProject
Project("{8BC9CEB8-8B4A-11D0-8D11-00A0C91BC942}") = "Samostiyna_Task1", "Samostiyna_Task1\Samostiyna_Task1.vcxproj", "{9D01FF16-3ABD-4944-BAB1-B8574629CBEC}"
EndProject
Project("{8BC9CEB8-8B4A-11D0-8D11-00A0C91BC942}") = "Samostiyna_Task2", "Samostiyna_Task2\Samostiyna_Task2.vcxproj", "{5900FA94-5B5E-439F-AE41-354373821E51}"
EndProject
Project("{8BC9CEB8-8B4A-11D0-8D11-00A0C91BC942}") = "Samostiyna_Task3", "Samostiyna_Task3\Samostiyna_Task3.vcxproj", "{AFCE88FB-3C34-4849-8E4D-DB1ABD78A08D}"
EndProject
Global
	GlobalSection(SolutionConfigurationPlatforms) = preSolution
		Debug|x64 = Debug|x64
		Debug|x86 = Debug|x86
		Release|x64 = Release|x64
		Release|x86 = Release|x86
	EndGlobalSection
	GlobalSection(ProjectConfigurationPlatforms) = postSolution
		{119AC149-A169-42E1-88E4-988CD1ADB17E}.Debug|x64.ActiveCfg = Debug|x64
		{119AC149-A169-42E1-88E4-988CD1ADB17E}.Debug|x64.Build.0 = Debug|x64
		{119AC149-A169-42E1-88E4-988CD1ADB17E}.Debug|x86.ActiveCfg = Debug|Win32
		{119AC149-A169-42E1-88E4-988CD1ADB17E}.Debug|x86.Build.0 = Debug|Win32
		{119AC149-A169-42E1-88E4-988CD1ADB17E}.Release|x64.ActiveCfg = Release|x64
		{119AC149-A169-42E1-88E4-988CD1ADB17E}.Release|x64.Build.0 = Release|x64
		{119AC149-A169-42E1-88E4-988CD1ADB17E}.Release|x86.ActiveCfg = Release|Win32
		{119AC149-A169-42E1-88E4-988CD1ADB17E}.Release|x86.Build.0 = Release|Win32
		{A2683E34-536E-4CA0-8A10-3BE9F0FE20BF}.Debug|x64.ActiveCfg = Debug|x64
		{A2683E34-536E-4CA0-8A10-3BE9F0FE20BF}.Debug|x64.Build.0 = Debug|x64
		{A2683E34-536E-4CA0-8A10-3BE9F0FE20BF}.Debug|x86.ActiveCfg = Debug|Win32
		{A2683E34-536E-4CA0-8A10-3BE9F0FE20BF}.Debug|x86.Build.0 = Debug|Win32
		{A2683E34-536E-4CA0-8A10-3BE9F0FE20BF}.Release|x64.ActiveCfg = Release|x64
		{A2683E34-536E-4CA0-8A10-3BE9F0FE20BF}.Release|x64.Build.0 = Release|x64
		{A2683E34-536E-4CA0-8A10-3BE9F0FE20BF}.Release|x86.ActiveCfg = Release|Win32
		{A2683E34-536E-4CA0-8A10-3BE9F0FE20BF}.Release|x86.Build.0 = Release|Win32
		{7C4867EE-8959-44D5-9225-93F3867619BE}.Debug|x64.ActiveCfg = Debug|x64
		{7C4867EE-8959-44D5-9225-93F3867619BE}.Debug|x64.Build.0 = Debug|x64
		{7C4867EE-8959-44D5-9225-93F3867619BE}.Debug|x86.ActiveCfg = Debug|Win32
		{7C4867EE-8959-44D5-9225-93F3867619BE}.Debug|x86.Build.0 = Debug|Win32
		{7C4867EE-8959-44D5-9225-93F3867619BE}.Release|x64.ActiveCfg = Release|x64
		{7C4867EE-8959-44D5-9225-93F3867619BE}.Release|x64.Build.0 = Release|x64
		{7C4867EE-8959-44D5-9225-93F3867619BE}.Release|x86.ActiveCfg = Release|Win32
		{7C4867EE-8959-44D5-9225-93F3867619BE}.Release|x86.Build.0 = Release|Win32
		{2DF8ABE1-540A-4978-811C-427B4FD926D6}.Debug|x64.ActiveCfg = Debug|x64
		{2DF8ABE1-540A-4978-811C-427B4FD926D6}.Debug|x64.Build.0 = Debug|x64
		{2DF8ABE1-540A-4978-811C-427B4FD926D6}.Debug|x86.ActiveCfg = Debug|Win32
		{2DF8ABE1-540A-4978-811C-427B4FD926D6}.Debug|x86.Build.0 = Debug|Win32
		{2DF8ABE1-540A-4978-811C-427B4FD926D6}.Release|x64.ActiveCfg = Release|x64
		{2DF8ABE1-540A-4978-811C-427B4FD926D6}.Release|x64.Build.0 = Release|x64
		{2DF8ABE1-540A-4978-811C-427B4FD926D6}.Release|x86.ActiveCfg = Release|Win32
		{2DF8ABE1-540A-4978-811C-427B4FD926D6}.Release|x86.Build.0 = Release|Win32
		{9D01FF16-3ABD-4944-BAB1-B8574629CBEC}.Debug|x64.ActiveCfg = Debug|x64
		{9D01FF16-3ABD-4944-BAB1-B8574629CBEC}.Debug|x64.Build.0 = Debug|x64
		{9D01FF16-3ABD-4944-BAB1-B8574629CBEC}.Debug|x86.ActiveCfg = Debug|Win32
		{9D01FF16-3ABD-4944-BAB1-B8574629CBEC}.Debug|x86.Build.0 = Debug|Win32
		{9D01FF16-3ABD-4944-BAB1-B8574629CBEC}.Release|x64.ActiveCfg = Release|x64
		{9D01FF16-3ABD-4944-BAB1-B8574629CBEC}.Release|x64.Build.0 = Release|x64
		{9D01FF16-3ABD-4944-BAB1-B8574629CBEC}.Release|x86.ActiveCfg = Release|Win32
		{9D01FF16-3ABD-4944-BAB1-B8574629CBEC}.Release|x86.Build.0 = Release|Win32
		{5900FA94-5B5E-439F-AE41-354373821E51}.Debug|x64.ActiveCfg = Debug|x64
		{5900FA94-5B5E-439F-AE41-354373821E51}.Debug|x64.Build.0 = Debug|x64
		{5900FA94-5B5E-439F-AE41-354373821E51}.Debug|x86.ActiveCfg = Debug|Win32
		{5900FA94-5B5E-439F-AE41-354373821E51}.Debug|x86.Build.0 = Debug|Win32
		{5900FA94-5B5E-439F-AE41-354373821E51}.Release|x64.ActiveCfg = Release|x64
		{5900FA94-5B5E-439F-AE41-354373821E51}.Release|x64.Build.0 = Release|x64
		{5900FA94-5B5E-439F-AE41-354373821E51}.Release|x86.ActiveCfg = Release|Win32
		{5900FA94-5B5E-439F-AE41-354373821E51}.Release|x86.Build.0 = Release|Win32
		{AFCE88FB-3C34-4849-8E4D-DB1ABD78A08D}.Debug|x64.ActiveCfg = Debug|x64
		{AFCE88FB-3C34-4849-8E4D-DB1ABD78A08D}.Debug|x64.Build.0 = Debug|x64
		{AFCE88FB-3C34-4849-8E4D-DB1ABD78A08D}.Debug|x86.ActiveCfg = Debug|Win32
		{AFCE88FB-3C34-4849-8E4D-DB1ABD78A08D}.Debug|x86.Build.0 = Debug|Win32
		{AFCE88FB-3C34-4849-8E4D-DB1ABD78A08D}.Release|x64.ActiveCfg = Release|x64
		{AFCE88FB-3C34-4849-8E4D-DB1ABD78A08D}.Release|x64.Build.0 = Release|x64
		{AFCE88FB-3C34-4849-8E4D-DB1ABD78A08D}.Release|x86.ActiveCfg = Release|Win32
		{AFCE88FB-3C34-4849-8E4D-DB1ABD78A08D}.Release|x86.Build.0 = Release|Win32
	EndGlobalSection
	GlobalSection(SolutionProperties) = preSolution
		HideSolutionNode = FALSE
	EndGlobalSection
	GlobalSection(ExtensibilityGlobals) = postSolution
		SolutionGuid = {01F3CB53-A375-4D89-98DF-1CC4D5E34DC0}
	EndGlobalSection
EndGlobal
